<?xml version="1.0" encoding="utf-8"?>
<Project ToolsVersion="4.0" xmlns="http://schemas.microsoft.com/developer/msbuild/2003">
  <ItemGroup>
    <Filter Include="shaders">
      <UniqueIdentifier>{dc55a425-a7b0-4bd7-a8d7-f602be89ea62}</UniqueIdentifier>
    </Filter>
    <Filter Include="Source">
      <UniqueIdentifier>{4FC737F1-C7A5-4376-A066-2A32D752A2FF}</UniqueIdentifier>
      <Extensions>cpp;c;cc;cxx;def;odl;idl;hpj;bat;asm;asmx</Extensions>
    </Filter>
    <Filter Include="shaders\Interface">
      <UniqueIdentifier>{f242eec2-54b9-46d7-8cd6-4400c1bcf8d1}</UniqueIdentifier>
    </Filter>
    <Filter Include="shaders\Viewspace">
      <UniqueIdentifier>{f61642c1-9b05-49a3-bcca-72f76484f80f}</UniqueIdentifier>
    </Filter>
    <Filter Include="shaders\Shadow">
      <UniqueIdentifier>{3c6ecbcc-b3b9-4aad-999e-e0ed0c993ad1}</UniqueIdentifier>
    </Filter>
    <Filter Include="shaders\Fullscreen">
      <UniqueIdentifier>{60a565c4-8ebe-4688-aded-db06015c8f77}</UniqueIdentifier>
    </Filter>
    <Filter Include="shaders\SimpleText">
      <UniqueIdentifier>{54f0f212-7b04-4498-954e-e998baae6211}</UniqueIdentifier>
    </Filter>
    <Filter Include="shaders\Skybox">
      <UniqueIdentifier>{48745db1-a16b-4f21-adbb-abc0e20759fb}</UniqueIdentifier>
    </Filter>
    <Filter Include="shaders\HighForward">
      <UniqueIdentifier>{52b4784c-8fe0-41cb-aa32-f1d8801126d1}</UniqueIdentifier>
    </Filter>
    <Filter Include="shaders\LowForward">
      <UniqueIdentifier>{457af9ed-78d4-404b-938c-0b7d99941c34}</UniqueIdentifier>
    </Filter>
    <Filter Include="shaders\Animation">
      <UniqueIdentifier>{febeb057-91b1-4665-a3f2-b2a79f54923c}</UniqueIdentifier>
    </Filter>
    <Filter Include="shaders\ParticleShaders">
      <UniqueIdentifier>{a07b3b2d-2595-43fe-9eee-cebc6259606d}</UniqueIdentifier>
    </Filter>
    <Filter Include="Source\Model">
      <UniqueIdentifier>{0cbc476f-92ea-4f30-8040-4dded9929c3c}</UniqueIdentifier>
    </Filter>
    <Filter Include="Source\GraphicDevices">
      <UniqueIdentifier>{a952fc80-e956-46c1-b68f-5124183bf33c}</UniqueIdentifier>
    </Filter>
    <Filter Include="Source\Tech">
      <UniqueIdentifier>{0b071afe-a762-4b55-9938-c8f32a16c3bd}</UniqueIdentifier>
    </Filter>
  </ItemGroup>
  <ItemGroup>
    <ClInclude Include="..\..\..\Source\Renderer\Shader.h">
      <Filter>Source</Filter>
    </ClInclude>
    <ClInclude Include="..\..\..\Source\Renderer\stdafx.h" />
    <ClInclude Include="..\..\..\Source\Renderer\Camera.h">
      <Filter>Source</Filter>
    </ClInclude>
    <ClInclude Include="..\..\..\Source\Renderer\Buffer.h">
      <Filter>Source</Filter>
    </ClInclude>
    <ClInclude Include="..\..\..\Source\Renderer\AModel.h">
      <Filter>Source\Model</Filter>
    </ClInclude>
    <ClInclude Include="..\..\..\Source\Renderer\Model.h">
      <Filter>Source\Model</Filter>
    </ClInclude>
    <ClInclude Include="..\..\..\Source\Renderer\ModelExporter.h">
      <Filter>Source\Model</Filter>
    </ClInclude>
    <ClInclude Include="..\..\..\Source\Renderer\ModelLoader.h">
      <Filter>Source\Model</Filter>
    </ClInclude>
    <ClInclude Include="..\..\..\Source\Renderer\GraphicDevice.h">
      <Filter>Source\GraphicDevices</Filter>
    </ClInclude>
    <ClInclude Include="..\..\..\Source\Renderer\GraphicsHigh.h">
      <Filter>Source\GraphicDevices</Filter>
    </ClInclude>
    <ClInclude Include="..\..\..\Source\Renderer\GraphicsLow.h">
      <Filter>Source\GraphicDevices</Filter>
    </ClInclude>
    <ClInclude Include="..\..\..\Source\Renderer\ParticleSystem.h">
      <Filter>Source\Tech</Filter>
    </ClInclude>
    <ClInclude Include="..\..\..\Source\Renderer\ShadowMap.h">
      <Filter>Source\Tech</Filter>
    </ClInclude>
    <ClInclude Include="..\..\..\Source\Renderer\SimpleText.h">
      <Filter>Source\Tech</Filter>
    </ClInclude>
    <ClInclude Include="..\..\..\Source\Renderer\SkyBox.h">
      <Filter>Source\Tech</Filter>
    </ClInclude>
    <ClInclude Include="..\..\..\Source\Renderer\TextRenderer.h">
      <Filter>Source\Tech</Filter>
    </ClInclude>
    <ClInclude Include="..\..\..\Source\Renderer\Buffer.h">
      <Filter>Source</Filter>
    </ClInclude>
    <ClInclude Include="..\..\..\Source\Renderer\GLTimer.h">
      <Filter>Source\Tech</Filter>
    </ClInclude>
    <ClInclude Include="..\..\..\Source\Renderer\TextureLoader.h">
      <Filter>Source</Filter>
    </ClInclude>
  </ItemGroup>
  <ItemGroup>
    <ClCompile Include="..\..\..\Source\Renderer\Shader.cpp">
      <Filter>Source</Filter>
    </ClCompile>
    <ClCompile Include="..\..\..\Source\Renderer\Camera.cpp">
      <Filter>Source</Filter>
    </ClCompile>
    <ClCompile Include="..\..\..\Source\Renderer\Buffer.cpp">
      <Filter>Source</Filter>
    </ClCompile>
    <ClCompile Include="..\..\..\Source\Renderer\AModel.cpp">
      <Filter>Source\Model</Filter>
    </ClCompile>
    <ClCompile Include="..\..\..\Source\Renderer\Model.cpp">
      <Filter>Source\Model</Filter>
    </ClCompile>
    <ClCompile Include="..\..\..\Source\Renderer\GraphicDevice.cpp">
      <Filter>Source\GraphicDevices</Filter>
    </ClCompile>
    <ClCompile Include="..\..\..\Source\Renderer\GraphicsHigh.cpp">
      <Filter>Source\GraphicDevices</Filter>
    </ClCompile>
    <ClCompile Include="..\..\..\Source\Renderer\GraphicsLow.cpp">
      <Filter>Source\GraphicDevices</Filter>
    </ClCompile>
    <ClCompile Include="..\..\..\Source\Renderer\ParticleSystem.cpp">
      <Filter>Source\Tech</Filter>
    </ClCompile>
    <ClCompile Include="..\..\..\Source\Renderer\ShadowMap.cpp">
      <Filter>Source\Tech</Filter>
    </ClCompile>
    <ClCompile Include="..\..\..\Source\Renderer\SimpleText.cpp">
      <Filter>Source\Tech</Filter>
    </ClCompile>
    <ClCompile Include="..\..\..\Source\Renderer\SkyBox.cpp">
      <Filter>Source\Tech</Filter>
    </ClCompile>
    <ClCompile Include="..\..\..\Source\Renderer\GLTimer.cpp">
      <Filter>Source\Tech</Filter>
    </ClCompile>
    <ClCompile Include="..\..\..\Source\Renderer\TextRenderer.cpp">
      <Filter>Source\Tech</Filter>
    </ClCompile>
  </ItemGroup>
  <ItemGroup>
    <None Include="..\..\..\Externals\content\shaders\VSDeferredPass1.glsl">
      <Filter>shaders</Filter>
    </None>
    <None Include="..\..\..\Externals\content\shaders\FSDeferredPass1.glsl">
      <Filter>shaders</Filter>
    </None>
    <None Include="..\..\..\Externals\content\shaders\CSDeferredPass2.glsl">
      <Filter>shaders</Filter>
    </None>
    <None Include="..\..\..\Externals\content\shaders\FSInterfaceShader.glsl">
      <Filter>shaders\Interface</Filter>
    </None>
    <None Include="..\..\..\Externals\content\shaders\VSInterfaceShader.glsl">
      <Filter>shaders\Interface</Filter>
    </None>
    <None Include="..\..\..\Externals\content\shaders\FSViewspaceShader.glsl">
      <Filter>shaders\Viewspace</Filter>
    </None>
    <None Include="..\..\..\Externals\content\shaders\VSViewspaceShader.glsl">
      <Filter>shaders\Viewspace</Filter>
    </None>
    <None Include="..\..\..\Externals\content\shaders\shadowShaderDeferredFS.glsl">
      <Filter>shaders\Shadow</Filter>
    </None>
    <None Include="..\..\..\Externals\content\shaders\shadowShaderDeferredVS.glsl">
      <Filter>shaders\Shadow</Filter>
    </None>
    <None Include="..\..\..\Externals\content\shaders\shadowShaderForwardFS.glsl">
      <Filter>shaders\Shadow</Filter>
    </None>
    <None Include="..\..\..\Externals\content\shaders\shadowShaderForwardVS.glsl">
      <Filter>shaders\Shadow</Filter>
    </None>
    <None Include="..\..\..\Externals\content\shaders\fullscreen.vs">
      <Filter>shaders\Fullscreen</Filter>
    </None>
    <None Include="..\..\..\Externals\content\shaders\fullscreen.gs">
      <Filter>shaders\Fullscreen</Filter>
    </None>
    <None Include="..\..\..\Externals\content\shaders\fullscreen.ps">
      <Filter>shaders\Fullscreen</Filter>
    </None>
    <None Include="..\..\..\Externals\content\shaders\SimpleText.glsl">
      <Filter>shaders\SimpleText</Filter>
    </None>
    <None Include="..\..\..\Externals\content\shaders\skyboxShaderFS.glsl">
      <Filter>shaders\Skybox</Filter>
    </None>
    <None Include="..\..\..\Externals\content\shaders\skyboxShaderVS.glsl">
      <Filter>shaders\Skybox</Filter>
    </None>
    <None Include="..\..\..\Externals\content\shaders\VSForwardShader.glsl">
      <Filter>shaders\HighForward</Filter>
    </None>
    <None Include="..\..\..\Externals\content\shaders\FSForwardShader.glsl">
      <Filter>shaders\HighForward</Filter>
    </None>
    <None Include="..\..\..\Externals\content\shaders\lowFSForwardShader.glsl">
      <Filter>shaders\LowForward</Filter>
    </None>
    <None Include="..\..\..\Externals\content\shaders\lowVSForwardShader.glsl">
      <Filter>shaders\LowForward</Filter>
    </None>
    <None Include="..\..\..\Externals\content\shaders\VSAnimationShader.glsl">
      <Filter>shaders\Animation</Filter>
    </None>
    <None Include="..\..\..\Externals\content\shaders\FSAnimationShader.glsl">
      <Filter>shaders\Animation</Filter>
    </None>
    <None Include="..\..\..\Externals\content\shaders\particles\particleFireFS.glsl">
      <Filter>shaders\ParticleShaders</Filter>
    </None>
    <None Include="..\..\..\Externals\content\shaders\particles\particleFireVS.glsl">
      <Filter>shaders\ParticleShaders</Filter>
    </None>
    <None Include="..\..\..\Externals\content\shaders\particles\particleSmokeFS.glsl">
      <Filter>shaders\ParticleShaders</Filter>
    </None>
    <None Include="..\..\..\Externals\content\shaders\particles\particleSmokeVS.glsl">
      <Filter>shaders\ParticleShaders</Filter>
    </None>
  </ItemGroup>
</Project>