<?xml version="1.0" encoding="utf-8"?>
<Project ToolsVersion="4.0" xmlns="http://schemas.microsoft.com/developer/msbuild/2003">
  <ItemGroup>
    <Filter Include="Source">
      <UniqueIdentifier>{4FC737F1-C7A5-4376-A066-2A32D752A2FF}</UniqueIdentifier>
      <Extensions>cpp;c;cc;cxx;def;odl;idl;hpj;bat;asm;asmx</Extensions>
    </Filter>
    <Filter Include="Source\Devices">
      <UniqueIdentifier>{bb0a8689-2c9b-4aea-996b-8ff03d8af342}</UniqueIdentifier>
    </Filter>
  </ItemGroup>
  <ItemGroup>
    <ClCompile Include="..\..\..\Source\Input\InputWrapper.cpp">
      <Filter>Source</Filter>
    </ClCompile>
    <ClCompile Include="..\..\..\Source\Input\Devices\Keyboard.cpp">
      <Filter>Source\Devices</Filter>
    </ClCompile>
    <ClCompile Include="..\..\..\Source\Input\Devices\Mouse.cpp">
      <Filter>Source\Devices</Filter>
    </ClCompile>
    <ClCompile Include="..\..\..\Source\Input\Devices\Touch.cpp">
      <Filter>Source\Devices</Filter>
    </ClCompile>
  </ItemGroup>
  <ItemGroup>
    <ClInclude Include="..\..\..\Source\Input\InputWrapper.h">
      <Filter>Source</Filter>
    </ClInclude>
    <ClInclude Include="..\..\..\Source\Input\Devices\Keyboard.h">
      <Filter>Source\Devices</Filter>
    </ClInclude>
    <ClInclude Include="..\..\..\Source\Input\InputEnums.h">
      <Filter>Source</Filter>
    </ClInclude>
    <ClInclude Include="..\..\..\Source\Input\Devices\Mouse.h">
      <Filter>Source\Devices</Filter>
    </ClInclude>
    <ClInclude Include="..\..\..\Source\Input\Devices\Touch.h">
      <Filter>Source\Devices</Filter>
    </ClInclude>
  </ItemGroup>
</Project>