<?xml version="1.0" encoding="utf-8"?>
<Project ToolsVersion="4.0" xmlns="http://schemas.microsoft.com/developer/msbuild/2003">
  <ItemGroup>
    <Filter Include="Source Files">
      <UniqueIdentifier>{4FC737F1-C7A5-4376-A066-2A32D752A2FF}</UniqueIdentifier>
      <Extensions>cpp;c;cc;cxx;def;odl;idl;hpj;bat;asm;asmx</Extensions>
    </Filter>
    <Filter Include="Source Files\Framework">
      <UniqueIdentifier>{b58775cb-12ae-48fc-b04b-5a56b36f4e56}</UniqueIdentifier>
    </Filter>
    <Filter Include="Source Files\Managers">
      <UniqueIdentifier>{3f10d6b7-0e24-4009-bd91-6c150a99dda5}</UniqueIdentifier>
    </Filter>
    <Filter Include="Source Files\Interfaces">
      <UniqueIdentifier>{f0d2f4ad-5717-49f4-b6cd-2affee133f36}</UniqueIdentifier>
    </Filter>
    <Filter Include="Source Files\Framework\Parsing">
      <UniqueIdentifier>{dbe5907f-aeeb-44d9-aaf5-be0810e92aef}</UniqueIdentifier>
    </Filter>
    <Filter Include="Source Files\Framework\Systems">
      <UniqueIdentifier>{1718f556-baac-48d2-a990-87c0fcaf8d06}</UniqueIdentifier>
    </Filter>
    <Filter Include="Source Files\Framework\Common">
      <UniqueIdentifier>{ae52517a-b386-46ab-a9cf-d2483e3c0d17}</UniqueIdentifier>
    </Filter>
    <Filter Include="Source Files\Framework\Components">
      <UniqueIdentifier>{a224b77d-3a02-4d99-936f-6a00ce155a6d}</UniqueIdentifier>
    </Filter>
    <Filter Include="Source Files\Framework\Components\Tables">
      <UniqueIdentifier>{7f441da5-71c6-4240-b83d-c131c037afd8}</UniqueIdentifier>
    </Filter>
  </ItemGroup>
  <ItemGroup>
    <ClInclude Include="..\..\..\Source\ECSL\ECSL.h">
      <Filter>Source Files</Filter>
    </ClInclude>
    <ClInclude Include="..\..\..\Source\ECSL\Framework\World.h">
      <Filter>Source Files\Framework</Filter>
    </ClInclude>
    <ClInclude Include="..\..\..\Source\ECSL\Interfaces\System.h">
      <Filter>Source Files\Interfaces</Filter>
    </ClInclude>
    <ClInclude Include="..\..\..\Source\ECSL\Framework\Systems\SystemManager.h">
      <Filter>Source Files\Framework\Systems</Filter>
    </ClInclude>
    <ClInclude Include="..\..\..\Source\ECSL\Framework\Systems\SystemWorkGroup.h">
      <Filter>Source Files\Framework\Systems</Filter>
    </ClInclude>
    <ClInclude Include="..\..\..\Source\ECSL\Framework\Parsing\Parser.h">
      <Filter>Source Files\Framework\Parsing</Filter>
    </ClInclude>
    <ClInclude Include="..\..\..\Source\ECSL\Framework\Common\BitSet.h">
      <Filter>Source Files\Framework\Common</Filter>
    </ClInclude>
    <ClInclude Include="..\..\..\Source\ECSL\Framework\Components\ComponentType.h">
      <Filter>Source Files\Framework\Components</Filter>
    </ClInclude>
    <ClInclude Include="..\..\..\Source\ECSL\Framework\Parsing\Section.h">
      <Filter>Source Files\Framework\Parsing</Filter>
    </ClInclude>
    <ClInclude Include="..\..\..\Source\ECSL\Framework\WorldCreator.h">
      <Filter>Source Files\Framework</Filter>
    </ClInclude>
    <ClInclude Include="..\..\..\Source\ECSL\Framework\Parsing\ComponentTypeReader.h">
      <Filter>Source Files\Framework\Parsing</Filter>
    </ClInclude>
    <ClInclude Include="..\..\..\Source\ECSL\Managers\ComponentTypeManager.h">
      <Filter>Source Files\Managers</Filter>
    </ClInclude>
    <ClInclude Include="..\..\..\Source\ECSL\Framework\Common\FileHelper.h">
      <Filter>Source Files\Framework\Common</Filter>
    </ClInclude>
    <ClInclude Include="..\..\..\Source\ECSL\Framework\Common\StringConverter.h">
      <Filter>Source Files\Framework\Common</Filter>
    </ClInclude>
    <ClInclude Include="..\..\..\Source\ECSL\Framework\Systems\SystemBitmask.h">
      <Filter>Source Files\Framework\Systems</Filter>
    </ClInclude>
    <ClInclude Include="..\..\..\Source\ECSL\Framework\Components\DataManager.h">
      <Filter>Source Files\Framework\Components</Filter>
    </ClInclude>
    <ClInclude Include="..\..\..\Source\ECSL\Framework\Components\Tables\DataTable.h">
      <Filter>Source Files\Framework\Components\Tables</Filter>
    </ClInclude>
    <ClInclude Include="..\..\..\Source\ECSL\Framework\Components\Tables\EntityTable.h">
      <Filter>Source Files\Framework\Components\Tables</Filter>
    </ClInclude>
    <ClInclude Include="..\..\..\Source\ECSL\Framework\Components\Tables\DataArray.h">
      <Filter>Source Files\Framework\Components\Tables</Filter>
    </ClInclude>
    <ClInclude Include="..\..\..\Source\ECSL\Framework\Components\Tables\DataMap.h">
      <Filter>Source Files\Framework\Components\Tables</Filter>
    </ClInclude>
    <ClInclude Include="..\..\..\Source\ECSL\Framework\Components\Tables\ComponentTable.h">
      <Filter>Source Files\Framework\Components\Tables</Filter>
    </ClInclude>
  </ItemGroup>
  <ItemGroup>
    <ClCompile Include="..\..\..\Source\ECSL\Framework\World.cpp">
      <Filter>Source Files\Framework</Filter>
    </ClCompile>
    <ClCompile Include="..\..\..\Source\ECSL\Interfaces\System.cpp">
      <Filter>Source Files\Interfaces</Filter>
    </ClCompile>
    <ClCompile Include="..\..\..\Source\ECSL\Framework\Systems\SystemManager.cpp">
      <Filter>Source Files\Framework\Systems</Filter>
    </ClCompile>
    <ClCompile Include="..\..\..\Source\ECSL\Framework\Systems\SystemWorkGroup.cpp">
      <Filter>Source Files\Framework\Systems</Filter>
    </ClCompile>
    <ClCompile Include="..\..\..\Source\ECSL\Framework\Parsing\Parser.cpp">
      <Filter>Source Files\Framework\Parsing</Filter>
    </ClCompile>
    <ClCompile Include="..\..\..\Source\ECSL\Framework\Components\ComponentType.cpp">
      <Filter>Source Files\Framework\Components</Filter>
    </ClCompile>
    <ClCompile Include="..\..\..\Source\ECSL\Framework\WorldCreator.cpp">
      <Filter>Source Files\Framework</Filter>
    </ClCompile>
    <ClCompile Include="..\..\..\Source\ECSL\Framework\Parsing\ComponentTypeReader.cpp">
      <Filter>Source Files\Framework\Parsing</Filter>
    </ClCompile>
    <ClCompile Include="..\..\..\Source\ECSL\Managers\ComponentTypeManager.cpp">
      <Filter>Source Files\Managers</Filter>
    </ClCompile>
    <ClCompile Include="..\..\..\Source\ECSL\Framework\Common\FileHelper.cpp">
      <Filter>Source Files\Framework\Common</Filter>
    </ClCompile>
    <ClCompile Include="..\..\..\Source\ECSL\Framework\Common\StringConverter.cpp">
      <Filter>Source Files\Framework\Common</Filter>
    </ClCompile>
    <ClCompile Include="..\..\..\Source\ECSL\Framework\Common\BitSet.cpp">
      <Filter>Source Files\Framework\Common</Filter>
    </ClCompile>
    <ClCompile Include="..\..\..\Source\ECSL\Framework\Components\DataManager.cpp">
      <Filter>Source Files\Framework\Components</Filter>
    </ClCompile>
    <ClCompile Include="..\..\..\Source\ECSL\Framework\Components\Tables\EntityTable.cpp">
      <Filter>Source Files\Framework\Components\Tables</Filter>
    </ClCompile>
    <ClCompile Include="..\..\..\Source\ECSL\Framework\Components\Tables\DataArray.cpp">
      <Filter>Source Files\Framework\Components\Tables</Filter>
    </ClCompile>
    <ClCompile Include="..\..\..\Source\ECSL\Framework\Components\Tables\DataTable.cpp">
      <Filter>Source Files\Framework\Components\Tables</Filter>
    </ClCompile>
    <ClCompile Include="..\..\..\Source\ECSL\Framework\Components\Tables\DataMap.cpp">
      <Filter>Source Files\Framework\Components\Tables</Filter>
    </ClCompile>
    <ClCompile Include="..\..\..\Source\ECSL\Framework\Components\Tables\ComponentTable.cpp">
      <Filter>Source Files\Framework\Components\Tables</Filter>
    </ClCompile>
  </ItemGroup>
</Project>