<?xml version="1.0" encoding="utf-8"?>
<Project ToolsVersion="4.0" xmlns="http://schemas.microsoft.com/developer/msbuild/2003">
  <ItemGroup>
    <ClCompile Include="..\..\..\Source\Game\FrameCounter\FrameCounter.cpp" />
    <ClCompile Include="..\..\..\Source\Game\GameConsole.cpp" />
    <ClCompile Include="..\..\..\Source\Game\GameCreator.cpp" />
    <ClCompile Include="..\..\..\Source\Game\NewGame.cpp" />
    <ClCompile Include="..\..\..\Source\Game\RemoteConsole.cpp" />
    <ClCompile Include="..\..\..\Source\Game\Systems\ResetChangedSystem.cpp" />
    <ClCompile Include="..\..\..\Source\Game\TextInput.cpp" />
    <ClCompile Include="..\..\..\Source\Game\Profilers\ECSLFrame.cpp">
      <Filter>ECSL</Filter>
    </ClCompile>
    <ClCompile Include="..\..\..\Source\Game\Profilers\ECSLGeneralView.cpp">
      <Filter>ECSL</Filter>
    </ClCompile>
    <ClCompile Include="..\..\..\Source\Game\Profilers\ECSLLoadingView.cpp">
      <Filter>ECSL</Filter>
    </ClCompile>
    <ClCompile Include="..\..\..\Source\Game\Profilers\ECSLProfiler.cpp">
      <Filter>ECSL</Filter>
    </ClCompile>
    <ClCompile Include="..\..\..\Source\Game\Profilers\ECSLRenderView.cpp">
      <Filter>ECSL</Filter>
    </ClCompile>
    <ClCompile Include="..\..\..\Source\Game\Profilers\ECSLStatistics.cpp">
      <Filter>ECSL</Filter>
    </ClCompile>
    <ClCompile Include="..\..\..\Source\Game\Profilers\ECSLThreadView.cpp">
      <Filter>ECSL</Filter>
    </ClCompile>
    <ClCompile Include="..\..\..\Source\Game\Profilers\ECSLWorkItemView.cpp">
      <Filter>ECSL</Filter>
    </ClCompile>
    <ClCompile Include="..\..\..\Source\Game\LuaBridge\LuaBridge.cpp">
      <Filter>Lua</Filter>
    </ClCompile>
    <ClCompile Include="..\..\..\Source\Game\LuaBridge\Renderer\LuaCamera.cpp">
      <Filter>Lua</Filter>
    </ClCompile>
    <ClCompile Include="..\..\..\Source\Game\LuaBridge\ECSL\LuaComponent.cpp">
      <Filter>Lua</Filter>
    </ClCompile>
    <ClCompile Include="..\..\..\Source\Game\LuaBridge\ECSL\LuaComponentType.cpp">
      <Filter>Lua</Filter>
    </ClCompile>
    <ClCompile Include="..\..\..\Source\Game\LuaBridge\Console\LuaConsole.cpp">
      <Filter>Lua</Filter>
    </ClCompile>
    <ClCompile Include="..\..\..\Source\Game\LuaBridge\ECSL\LuaEntityTemplate.cpp">
      <Filter>Lua</Filter>
    </ClCompile>
    <ClCompile Include="..\..\..\Source\Game\LuaBridge\ECSL\LuaEntityTemplateManager.cpp">
      <Filter>Lua</Filter>
    </ClCompile>
    <ClCompile Include="..\..\..\Source\Game\LuaBridge\File\LuaFile.cpp">
      <Filter>Lua</Filter>
    </ClCompile>
    <ClCompile Include="..\..\..\Source\Game\LuaBridge\FileLoader\LuaFileLoader.cpp">
      <Filter>Lua</Filter>
    </ClCompile>
    <ClCompile Include="..\..\..\Source\Game\LuaBridge\Renderer\LuaGraphicDevice.cpp">
      <Filter>Lua</Filter>
    </ClCompile>
    <ClCompile Include="..\..\..\Source\Game\LuaBridge\Input\LuaInput.cpp">
      <Filter>Lua</Filter>
    </ClCompile>
    <ClCompile Include="..\..\..\Source\Game\LuaBridge\Math\LuaMatrix.cpp">
      <Filter>Lua</Filter>
    </ClCompile>
    <ClCompile Include="..\..\..\Source\Game\LuaBridge\Network\LuaNetwork.cpp">
      <Filter>Lua</Filter>
    </ClCompile>
    <ClCompile Include="..\..\..\Source\Game\LuaBridge\AI\LuaPathfinderHandler.cpp">
      <Filter>Lua</Filter>
    </ClCompile>
    <ClCompile Include="..\..\..\Source\Game\LuaBridge\AI\LuaPotentialFieldHandler.cpp">
      <Filter>Lua</Filter>
    </ClCompile>
    <ClCompile Include="..\..\..\Source\Game\LuaBridge\ECSL\LuaSystem.cpp">
      <Filter>Lua</Filter>
    </ClCompile>
    <ClCompile Include="..\..\..\Source\Game\LuaBridge\ECSL\LuaWorld.cpp">
      <Filter>Lua</Filter>
    </ClCompile>
    <ClCompile Include="..\..\..\Source\Game\LuaBridge\ECSL\LuaWorldCreator.cpp">
      <Filter>Lua</Filter>
    </ClCompile>
    <ClCompile Include="..\..\..\Source\Game\Network\NetworkHelper.cpp">
      <Filter>Network</Filter>
    </ClCompile>
    <ClCompile Include="..\..\..\Source\Game\Network\NetworkInstance.cpp">
      <Filter>Network</Filter>
    </ClCompile>
    <ClCompile Include="..\..\..\Source\Game\Systems\CameraSystem.cpp">
      <Filter>Render</Filter>
    </ClCompile>
    <ClCompile Include="..\..\..\Source\Game\Network\ClientDatabase.cpp">
      <Filter>Network</Filter>
    </ClCompile>
    <ClCompile Include="..\..\..\Source\Game\Systems\DirectionalLightSystem.cpp">
      <Filter>Render</Filter>
    </ClCompile>
    <ClCompile Include="..\..\..\Source\Game\Systems\PointlightSystem.cpp">
      <Filter>Render</Filter>
    </ClCompile>
    <ClCompile Include="..\..\..\Source\Game\Systems\RenderRemoveSystem.cpp">
      <Filter>Render</Filter>
    </ClCompile>
    <ClCompile Include="..\..\..\Source\Game\Systems\RenderSystem.cpp">
      <Filter>Render</Filter>
    </ClCompile>
    <ClCompile Include="..\..\..\Source\Game\Systems\ModelSystem.cpp">
      <Filter>Render</Filter>
    </ClCompile>
    <ClCompile Include="..\..\..\Source\Game\Systems\AModelSystem.cpp">
      <Filter>Render</Filter>
    </ClCompile>
    <ClCompile Include="..\..\..\Source\Game\Systems\MasterServerSystem.cpp">
      <Filter>Network</Filter>
    </ClCompile>
    <ClCompile Include="..\..\..\Source\Game\Systems\SyncEntitiesSystem.cpp">
      <Filter>Network</Filter>
    </ClCompile>
    <ClCompile Include="..\..\..\Source\Game\Pathfinder.cpp">
      <Filter>Logic</Filter>
    </ClCompile>
    <ClCompile Include="..\..\..\Source\Game\Quaternion.cpp">
      <Filter>Logic</Filter>
    </ClCompile>
    <ClCompile Include="..\..\..\Source\Game\Systems\SlerpRotationSystem.cpp">
      <Filter>Logic</Filter>
    </ClCompile>
    <ClCompile Include="..\..\..\Source\Game\Systems\RotationSystem.cpp">
      <Filter>Logic</Filter>
    </ClCompile>
    <ClCompile Include="..\..\..\Source\Game\Systems\MovementSystem.cpp">
      <Filter>Logic</Filter>
    </ClCompile>
    <ClCompile Include="MapIslandCreatorSystem.cpp">
      <Filter>Logic</Filter>
    </ClCompile>
  </ItemGroup>
  <ItemGroup>
    <ClCompile Include="..\..\..\Source\Game\LuaBridge\LuaBridge.cpp">
      <Filter>Lua Bridge</Filter>
    </ClCompile>
    <ClCompile Include="..\..\..\Source\Game\LuaBridge\ECSL\LuaWorldCreator.cpp">
      <Filter>Lua Bridge\ECSL</Filter>
    </ClCompile>
    <ClCompile Include="..\..\..\Source\Game\LuaBridge\Input\LuaInput.cpp">
      <Filter>Lua Bridge\Input</Filter>
    </ClCompile>
    <ClCompile Include="..\..\..\Source\Game\LuaBridge\ECSL\LuaSystem.cpp">
      <Filter>Lua Bridge\ECSL</Filter>
    </ClCompile>
    <ClCompile Include="..\..\..\Source\Game\LuaBridge\ECSL\LuaWorld.cpp">
      <Filter>Lua Bridge\ECSL</Filter>
    </ClCompile>
    <ClCompile Include="..\..\..\Source\Game\LuaBridge\ECSL\LuaComponentType.cpp">
      <Filter>Lua Bridge\ECSL</Filter>
    </ClCompile>
    <ClCompile Include="..\..\..\Source\Game\GameCreator.cpp">
      <Filter>Game</Filter>
    </ClCompile>
    <ClCompile Include="..\..\..\Source\Game\NewGame.cpp">
      <Filter>Game</Filter>
    </ClCompile>
    <ClCompile Include="..\..\..\Source\Game\LuaBridge\ECSL\LuaComponent.cpp">
      <Filter>Lua Bridge\ECSL</Filter>
    </ClCompile>
    <ClCompile Include="..\..\..\Source\Game\LuaBridge\Math\LuaMatrix.cpp">
      <Filter>Lua Bridge\Math</Filter>
    </ClCompile>
    <ClCompile Include="..\..\..\Source\Game\LuaBridge\Renderer\LuaCamera.cpp">
      <Filter>Lua Bridge\Renderer</Filter>
    </ClCompile>
    <ClCompile Include="..\..\..\Source\Game\LuaBridge\Renderer\LuaGraphicDevice.cpp">
      <Filter>Lua Bridge\Renderer</Filter>
    </ClCompile>
    <ClCompile Include="..\..\..\Source\Game\TextInput.cpp">
      <Filter>Game</Filter>
    </ClCompile>
    <ClCompile Include="..\..\..\Source\Game\GameConsole.cpp">
      <Filter>Game</Filter>
    </ClCompile>
    <ClCompile Include="..\..\..\Source\Game\LuaBridge\FileLoader\LuaFileLoader.cpp">
      <Filter>Lua Bridge\FileLoader</Filter>
    </ClCompile>
    <ClCompile Include="..\..\..\Source\Game\RemoteConsole.cpp">
      <Filter>Game</Filter>
    </ClCompile>
    <ClCompile Include="..\..\..\Source\Game\Network\NetworkHelper.cpp">
      <Filter>Network</Filter>
    </ClCompile>
    <ClCompile Include="..\..\..\Source\Game\LuaBridge\ECSL\LuaEntityTemplate.cpp">
      <Filter>Lua Bridge\ECSL</Filter>
    </ClCompile>
    <ClCompile Include="..\..\..\Source\Game\LuaBridge\ECSL\LuaEntityTemplateManager.cpp">
      <Filter>Lua Bridge\ECSL</Filter>
    </ClCompile>
    <ClCompile Include="..\..\..\Source\Game\LuaBridge\Console\LuaConsole.cpp">
      <Filter>Lua Bridge\Console</Filter>
    </ClCompile>
    <ClCompile Include="..\..\..\Source\Game\LuaBridge\Console\LuaConsole.cpp">
      <Filter>Lua Bridge\Console</Filter>
    </ClCompile>
    <ClCompile Include="..\..\..\Source\Game\Systems\CameraSystem.cpp">
      <Filter>Game\Systems\Camera</Filter>
    </ClCompile>
    <ClCompile Include="..\..\..\Source\Game\Systems\ModelSystem.cpp">
      <Filter>Game\Systems\Model</Filter>
    </ClCompile>
    <ClCompile Include="..\..\..\Source\Game\Systems\RenderSystem.cpp">
      <Filter>Game\Systems\Render</Filter>
    </ClCompile>
    <ClCompile Include="..\..\..\Source\Game\Systems\RotationSystem.cpp">
      <Filter>Game\Systems\Rotation</Filter>
    </ClCompile>
    <ClCompile Include="..\..\..\Source\Game\Systems\RenderRemoveSystem.cpp">
      <Filter>Game\Systems\Render</Filter>
    </ClCompile>
    <ClCompile Include="..\..\..\Source\Game\Systems\SyncEntitiesSystem.cpp">
      <Filter>Game\Systems\NetworkMessages</Filter>
    </ClCompile>
    <ClCompile Include="..\..\..\Source\Game\Systems\ResetChangedSystem.cpp">
      <Filter>Game\Systems\Changed</Filter>
    </ClCompile>
    <ClCompile Include="..\..\..\Source\Game\FrameCounter\FrameCounter.cpp">
      <Filter>Game\FrameCounter</Filter>
    </ClCompile>
    <ClCompile Include="..\..\..\Source\Game\Systems\PointlightSystem.cpp">
      <Filter>Game\Systems\LightSystems</Filter>
    </ClCompile>
    <ClCompile Include="..\..\..\Source\Game\LuaBridge\Network\LuaNetwork.cpp">
      <Filter>Lua Bridge\Network</Filter>
    </ClCompile>
    <ClCompile Include="..\..\..\Source\Game\Quaternion.cpp">
      <Filter>Game</Filter>
    </ClCompile>
    <ClCompile Include="..\..\..\Source\Game\LuaBridge\File\LuaFile.cpp">
      <Filter>Lua Bridge\File</Filter>
    </ClCompile>
    <ClCompile Include="..\..\..\Source\Game\Systems\DirectionalLightSystem.cpp">
      <Filter>Game\Systems\LightSystems</Filter>
    </ClCompile>
    <ClCompile Include="MapIslandCreatorSystem.cpp">
      <Filter>Game\Systems\Map</Filter>
    </ClCompile>
    <ClCompile Include="..\..\..\Source\Game\Profilers\ECSLProfiler.cpp">
      <Filter>Game\Profilers\ECSLProfiler</Filter>
    </ClCompile>
    <ClCompile Include="..\..\..\Source\Game\Profilers\ECSLFrame.cpp">
      <Filter>Game\Profilers\ECSLProfiler</Filter>
    </ClCompile>
    <ClCompile Include="..\..\..\Source\Game\Profilers\ECSLStatistics.cpp">
      <Filter>Game\Profilers\ECSLProfiler</Filter>
    </ClCompile>
    <ClCompile Include="..\..\..\Source\Game\Profilers\ECSLRenderView.cpp">
      <Filter>Game\Profilers\ECSLProfiler</Filter>
    </ClCompile>
    <ClCompile Include="..\..\..\Source\Game\Profilers\ECSLGeneralView.cpp">
      <Filter>Game\Profilers\ECSLProfiler\Render Views</Filter>
    </ClCompile>
    <ClCompile Include="..\..\..\Source\Game\Profilers\ECSLWorkItemView.cpp">
      <Filter>Game\Profilers\ECSLProfiler\Render Views</Filter>
    </ClCompile>
    <ClCompile Include="..\..\..\Source\Game\Profilers\ECSLThreadView.cpp">
      <Filter>Game\Profilers\ECSLProfiler\Render Views</Filter>
    </ClCompile>
    <ClCompile Include="..\..\..\Source\Game\Profilers\ECSLLoadingView.cpp">
      <Filter>Game\Profilers\ECSLProfiler\Render Views</Filter>
    </ClCompile>
    <ClCompile Include="..\..\..\Source\Game\Systems\SlerpRotationSystem.cpp">
      <Filter>Game\Systems\Rotation</Filter>
    </ClCompile>
    <ClCompile Include="..\..\..\Source\Game\Systems\MasterServerSystem.cpp">
      <Filter>Game\Systems\NetworkMessages</Filter>
    </ClCompile>
    <ClCompile Include="..\..\..\Source\Game\Network\ClientDatabase.cpp">
      <Filter>Network</Filter>
    </ClCompile>
    <ClCompile Include="..\..\..\Source\Game\Systems\MovementSystem.cpp">
      <Filter>Game\Systems\Movement</Filter>
    </ClCompile>
    <ClCompile Include="..\..\..\Source\Game\Network\NetworkInstance.cpp">
      <Filter>Network</Filter>
    </ClCompile>
    <ClCompile Include="..\..\..\Source\Game\LuaBridge\AI\LuaPotentialFieldHandler.cpp">
      <Filter>Lua Bridge\AI</Filter>
    </ClCompile>
    <ClCompile Include="..\..\..\Source\Game\Pathfinder.cpp">
      <Filter>Game</Filter>
    </ClCompile>
    <ClCompile Include="..\..\..\Source\Game\LuaBridge\AI\LuaPathfinderHandler.cpp">
      <Filter>Lua Bridge\AI</Filter>
    </ClCompile>
  </ItemGroup>
  <ItemGroup>
    <ClInclude Include="..\..\..\Source\Game\LuaBridge\Console\LuaConsole.h">
      <Filter>Lua Bridge\Console</Filter>
    </ClInclude>
    <ClInclude Include="..\..\..\Source\Game\FrameCounter\FrameCounter.h" />
    <ClInclude Include="..\..\..\Source\Game\GameConsole.h" />
    <ClInclude Include="..\..\..\Source\Game\GameCreator.h" />
    <ClInclude Include="..\..\..\Source\Game\RemoteConsole.h" />
    <ClInclude Include="..\..\..\Source\Game\Systems\ResetChangedSystem.h" />
    <ClInclude Include="..\..\..\Source\Game\TextInput.h" />
    <ClInclude Include="..\..\..\Source\Game\Profilers\ECSLFrame.h">
      <Filter>ECSL</Filter>
    </ClInclude>
    <ClInclude Include="..\..\..\Source\Game\Profilers\ECSLGeneralView.h">
      <Filter>ECSL</Filter>
    </ClInclude>
    <ClInclude Include="..\..\..\Source\Game\Profilers\ECSLLoadingView.h">
      <Filter>ECSL</Filter>
    </ClInclude>
    <ClInclude Include="..\..\..\Source\Game\Profilers\ECSLProfiler.h">
      <Filter>ECSL</Filter>
    </ClInclude>
    <ClInclude Include="..\..\..\Source\Game\Profilers\ECSLRenderView.h">
      <Filter>ECSL</Filter>
    </ClInclude>
    <ClInclude Include="..\..\..\Source\Game\Profilers\ECSLStatistics.h">
      <Filter>ECSL</Filter>
    </ClInclude>
    <ClInclude Include="..\..\..\Source\Game\Profilers\ECSLThreadView.h">
      <Filter>ECSL</Filter>
    </ClInclude>
    <ClInclude Include="..\..\..\Source\Game\Profilers\ECSLWorkItemView.h">
      <Filter>ECSL</Filter>
    </ClInclude>
    <ClInclude Include="..\..\..\Source\Game\LuaBridge\LuaBridge.h">
      <Filter>Lua</Filter>
    </ClInclude>
    <ClInclude Include="..\..\..\Source\Game\LuaBridge\Renderer\LuaCamera.h">
      <Filter>Lua</Filter>
    </ClInclude>
    <ClInclude Include="..\..\..\Source\Game\LuaBridge\ECSL\LuaComponent.h">
      <Filter>Lua</Filter>
    </ClInclude>
    <ClInclude Include="..\..\..\Source\Game\LuaBridge\ECSL\LuaComponentType.h">
      <Filter>Lua</Filter>
    </ClInclude>
    <ClInclude Include="..\..\..\Source\Game\LuaBridge\Console\LuaConsole.h">
      <Filter>Lua</Filter>
    </ClInclude>
    <ClInclude Include="..\..\..\Source\Game\LuaBridge\ECSL\LuaEntityTemplate.h">
      <Filter>Lua</Filter>
    </ClInclude>
    <ClInclude Include="..\..\..\Source\Game\LuaBridge\ECSL\LuaEntityTemplateManager.h">
      <Filter>Lua</Filter>
    </ClInclude>
    <ClInclude Include="..\..\..\Source\Game\LuaBridge\File\LuaFile.h">
      <Filter>Lua</Filter>
    </ClInclude>
    <ClInclude Include="..\..\..\Source\Game\LuaBridge\FileLoader\LuaFileLoader.h">
      <Filter>Lua</Filter>
    </ClInclude>
    <ClInclude Include="..\..\..\Source\Game\LuaBridge\Renderer\LuaGraphicDevice.h">
      <Filter>Lua</Filter>
    </ClInclude>
    <ClInclude Include="..\..\..\Source\Game\LuaBridge\Input\LuaInput.h">
      <Filter>Lua</Filter>
    </ClInclude>
    <ClInclude Include="..\..\..\Source\Game\LuaBridge\Math\LuaMatrix.h">
      <Filter>Lua</Filter>
    </ClInclude>
    <ClInclude Include="..\..\..\Source\Game\LuaBridge\Network\LuaNetwork.h">
      <Filter>Lua</Filter>
    </ClInclude>
    <ClInclude Include="..\..\..\Source\Game\LuaBridge\AI\LuaPathfinderHandler.h">
      <Filter>Lua</Filter>
    </ClInclude>
    <ClInclude Include="..\..\..\Source\Game\LuaBridge\AI\LuaPotentialFieldHandler.h">
      <Filter>Lua</Filter>
    </ClInclude>
    <ClInclude Include="..\..\..\Source\Game\LuaBridge\ECSL\LuaSystem.h">
      <Filter>Lua</Filter>
    </ClInclude>
    <ClInclude Include="..\..\..\Source\Game\LuaBridge\ECSL\LuaWorld.h">
      <Filter>Lua</Filter>
    </ClInclude>
    <ClInclude Include="..\..\..\Source\Game\LuaBridge\ECSL\LuaWorldCreator.h">
      <Filter>Lua</Filter>
    </ClInclude>
    <ClInclude Include="..\..\..\Source\Game\Network\NetworkHelper.h">
      <Filter>Network</Filter>
    </ClInclude>
    <ClInclude Include="..\..\..\Source\Game\Network\NetworkInstance.h">
      <Filter>Network</Filter>
    </ClInclude>
    <ClInclude Include="..\..\..\Source\Game\Systems\CameraSystem.h">
      <Filter>Render</Filter>
    </ClInclude>
    <ClInclude Include="..\..\..\Source\Game\Network\ClientDatabase.h">
      <Filter>Network</Filter>
    </ClInclude>
    <ClInclude Include="..\..\..\Source\Game\Systems\DirectionalLightSystem.h">
      <Filter>Render</Filter>
    </ClInclude>
    <ClInclude Include="..\..\..\Source\Game\Systems\PointlightSystem.h">
      <Filter>Render</Filter>
    </ClInclude>
    <ClInclude Include="..\..\..\Source\Game\Systems\RenderRemoveSystem.h">
      <Filter>Render</Filter>
    </ClInclude>
    <ClInclude Include="..\..\..\Source\Game\Systems\RenderSystem.h">
      <Filter>Render</Filter>
    </ClInclude>
    <ClInclude Include="..\..\..\Source\Game\Systems\ModelSystem.h">
      <Filter>Render</Filter>
    </ClInclude>
    <ClInclude Include="..\..\..\Source\Game\Systems\AModelSystem.h">
      <Filter>Render</Filter>
    </ClInclude>
    <ClInclude Include="..\..\..\Source\Game\Systems\MasterServerSystem.h">
      <Filter>Network</Filter>
    </ClInclude>
    <ClInclude Include="..\..\..\Source\Game\Systems\SyncEntitiesSystem.h">
      <Filter>Network</Filter>
    </ClInclude>
    <ClInclude Include="..\..\..\Source\Game\Pathfinder.h">
      <Filter>Logic</Filter>
    </ClInclude>
    <ClInclude Include="..\..\..\Source\Game\Quaternion.h">
      <Filter>Logic</Filter>
    </ClInclude>
    <ClInclude Include="..\..\..\Source\Game\Systems\SlerpRotationSystem.h">
      <Filter>Logic</Filter>
    </ClInclude>
    <ClInclude Include="..\..\..\Source\Game\Systems\RotationSystem.h">
      <Filter>Logic</Filter>
    </ClInclude>
    <ClInclude Include="..\..\..\Source\Game\Systems\MovementSystem.h">
      <Filter>Logic</Filter>
    </ClInclude>
    <ClInclude Include="MapIslandCreatorSystem.h">
      <Filter>Logic</Filter>
    </ClInclude>
  </ItemGroup>
  <ItemGroup>
    <Filter Include="ECSL">
      <UniqueIdentifier>{bcec8016-90c7-4ff7-ab4a-4307652a6631}</UniqueIdentifier>
    </Filter>
    <Filter Include="Lua">
      <UniqueIdentifier>{e2b1f58c-6d33-4f5a-8646-249d1e36fc4d}</UniqueIdentifier>
    </Filter>
    <Filter Include="Network">
      <UniqueIdentifier>{40627400-a329-4e8f-9a36-f4ec8d2b7499}</UniqueIdentifier>
    </Filter>
    <Filter Include="Render">
      <UniqueIdentifier>{f48baaf5-d8f9-48ad-8cd5-758459c2e6c1}</UniqueIdentifier>
    </Filter>
    <Filter Include="Logic">
      <UniqueIdentifier>{dc626fc0-ef7f-45cd-9043-e743f282d81b}</UniqueIdentifier>
    </Filter>
  </ItemGroup>
</Project>