<?xml version="1.0" encoding="utf-8"?>
<Project ToolsVersion="4.0" xmlns="http://schemas.microsoft.com/developer/msbuild/2003">
  <ItemGroup>
    <Filter Include="Resource Files">
      <UniqueIdentifier>{67DA6AB6-F800-4c08-8B7A-83BB121AAD01}</UniqueIdentifier>
      <Extensions>rc;ico;cur;bmp;dlg;rc2;rct;bin;rgs;gif;jpg;jpeg;jpe;resx;tiff;tif;png;wav;mfcribbon-ms</Extensions>
    </Filter>
    <Filter Include="Lua Bridge">
      <UniqueIdentifier>{f0e3a953-5108-44d4-8f11-f8f19b88af77}</UniqueIdentifier>
    </Filter>
    <Filter Include="Lua Bridge\ECSL">
      <UniqueIdentifier>{9eff69ea-8941-41bc-9cee-71e47a6e4d8e}</UniqueIdentifier>
    </Filter>
    <Filter Include="Lua Bridge\Input">
      <UniqueIdentifier>{7a8bc72d-4baf-4d5d-be55-04b4580544f8}</UniqueIdentifier>
    </Filter>
    <Filter Include="Game">
      <UniqueIdentifier>{4FC737F1-C7A5-4376-A066-2A32D752A2FF}</UniqueIdentifier>
      <Extensions>cpp;c;cc;cxx;def;odl;idl;hpj;bat;asm;asmx</Extensions>
    </Filter>
    <Filter Include="Game\Systems">
      <UniqueIdentifier>{ed783445-1604-40fc-8516-f5a867be6243}</UniqueIdentifier>
    </Filter>
    <Filter Include="Lua Bridge\Math">
      <UniqueIdentifier>{9c168d77-87eb-48c0-a75d-ed11b43e08c7}</UniqueIdentifier>
    </Filter>
    <Filter Include="Lua Bridge\Renderer">
      <UniqueIdentifier>{532ef4e9-8ba1-4cf6-9034-8ce80bb0bd4b}</UniqueIdentifier>
    </Filter>
    <Filter Include="Network">
      <UniqueIdentifier>{eb9abd25-25c8-4d59-9404-43c6943ec52f}</UniqueIdentifier>
    </Filter>
    <Filter Include="Scripting">
      <UniqueIdentifier>{70596d18-5310-46ea-bd29-887a0d6f8f93}</UniqueIdentifier>
    </Filter>
    <Filter Include="Scripting\Components">
      <UniqueIdentifier>{f278fcb7-b572-44d3-9db0-c76874ea73d6}</UniqueIdentifier>
    </Filter>
    <Filter Include="Scripting\Systems">
      <UniqueIdentifier>{fe53bc13-c394-4b95-9978-28810d4bcb64}</UniqueIdentifier>
    </Filter>
    <Filter Include="Lua Bridge\FileLoader">
      <UniqueIdentifier>{f75b5f79-7cf0-4857-b059-2797ae8d1deb}</UniqueIdentifier>
    </Filter>
    <Filter Include="Scripting\Templates">
      <UniqueIdentifier>{e0263418-dd0f-437a-ab52-e9016f45bb5b}</UniqueIdentifier>
    </Filter>
    <Filter Include="Lua Bridge\Console">
      <UniqueIdentifier>{bb35f23c-7282-4c2e-9288-5dc348c8fdba}</UniqueIdentifier>
    </Filter>
    <Filter Include="Game\Systems\Camera">
      <UniqueIdentifier>{6f65ecb9-1fad-4717-9948-fc2a318b43a1}</UniqueIdentifier>
    </Filter>
    <Filter Include="Game\Systems\Model">
      <UniqueIdentifier>{46bcef37-955e-4797-8b5e-ca8725f1184e}</UniqueIdentifier>
    </Filter>
    <Filter Include="Game\Systems\Movement">
      <UniqueIdentifier>{72ff943e-dfdb-4010-b7cd-4eb3d68acf8d}</UniqueIdentifier>
    </Filter>
    <Filter Include="Game\Systems\ReceivePacket">
      <UniqueIdentifier>{fa6b13b4-a17f-4660-befa-8ce8d6cee1fe}</UniqueIdentifier>
    </Filter>
    <Filter Include="Game\Systems\Render">
      <UniqueIdentifier>{0e0f35b1-791a-4d9e-b1a6-178d5df590cb}</UniqueIdentifier>
    </Filter>
    <Filter Include="Game\Systems\Rotation">
      <UniqueIdentifier>{ea327b7b-e869-40ca-9a6b-c029997c60c2}</UniqueIdentifier>
    </Filter>
    <Filter Include="Game\Systems\NetworkMessages">
      <UniqueIdentifier>{fe8b6957-8470-4d35-8963-c7f5ea14fbe1}</UniqueIdentifier>
    </Filter>
  </ItemGroup>
  <ItemGroup>
    <ClCompile Include="..\..\..\Source\Game\Timer.cpp">
      <Filter>Resource Files</Filter>
    </ClCompile>
    <ClCompile Include="..\..\..\Source\Game\LuaBridge\LuaBridge.cpp">
      <Filter>Lua Bridge</Filter>
    </ClCompile>
    <ClCompile Include="..\..\..\Source\Game\LuaBridge\ECSL\LuaWorldCreator.cpp">
      <Filter>Lua Bridge\ECSL</Filter>
    </ClCompile>
    <ClCompile Include="..\..\..\Source\Game\LuaBridge\Input\LuaInput.cpp">
      <Filter>Lua Bridge\Input</Filter>
    </ClCompile>
    <ClCompile Include="..\..\..\Source\Game\LuaBridge\ECSL\LuaSystem.cpp">
      <Filter>Lua Bridge\ECSL</Filter>
    </ClCompile>
    <ClCompile Include="..\..\..\Source\Game\LuaBridge\ECSL\LuaWorld.cpp">
      <Filter>Lua Bridge\ECSL</Filter>
    </ClCompile>
    <ClCompile Include="..\..\..\Source\Game\LuaBridge\ECSL\LuaComponentType.cpp">
      <Filter>Lua Bridge\ECSL</Filter>
    </ClCompile>
    <ClCompile Include="..\..\..\Source\Game\GameCreator.cpp">
      <Filter>Game</Filter>
    </ClCompile>
    <ClCompile Include="..\..\..\Source\Game\NewGame.cpp">
      <Filter>Game</Filter>
    </ClCompile>
    <ClCompile Include="..\..\..\Source\Game\Systems\RenderSystem.cpp">
      <Filter>Game\Systems</Filter>
    </ClCompile>
    <ClCompile Include="..\..\..\Source\Game\Systems\CameraSystem.cpp">
      <Filter>Game\Systems</Filter>
    </ClCompile>
    <ClCompile Include="..\..\..\Source\Game\Systems\MovementSystem.cpp">
      <Filter>Game\Systems</Filter>
    </ClCompile>
    <ClCompile Include="..\..\..\Source\Game\LuaBridge\ECSL\LuaComponent.cpp">
      <Filter>Lua Bridge\ECSL</Filter>
    </ClCompile>
    <ClCompile Include="..\..\..\Source\Game\LuaBridge\Math\LuaMatrix.cpp">
      <Filter>Lua Bridge\Math</Filter>
    </ClCompile>
    <ClCompile Include="..\..\..\Source\Game\LuaBridge\Renderer\LuaCamera.cpp">
      <Filter>Lua Bridge\Renderer</Filter>
    </ClCompile>
    <ClCompile Include="..\..\..\Source\Game\LuaBridge\Renderer\LuaGraphicDevice.cpp">
      <Filter>Lua Bridge\Renderer</Filter>
    </ClCompile>
    <ClCompile Include="..\..\..\Source\Game\Systems\RotationSystem.cpp">
      <Filter>Game\Systems</Filter>
    </ClCompile>
    <ClCompile Include="..\..\..\Source\Game\TextInput.cpp">
      <Filter>Game</Filter>
    </ClCompile>
    <ClCompile Include="..\..\..\Source\Game\GameConsole.cpp">
      <Filter>Game</Filter>
    </ClCompile>
    <ClCompile Include="..\..\..\Source\Game\LuaBridge\FileLoader\LuaFileLoader.cpp">
      <Filter>Lua Bridge\FileLoader</Filter>
    </ClCompile>
    <ClCompile Include="..\..\..\Source\Game\Systems\ModelSystem.cpp">
      <Filter>Game\Systems</Filter>
    </ClCompile>
    <ClCompile Include="..\..\..\Source\Game\RemoteConsole.cpp">
      <Filter>Game</Filter>
    </ClCompile>
    <ClCompile Include="..\..\..\Source\Game\Systems\ReceivePacketSystem.cpp">
      <Filter>Game\Systems</Filter>
    </ClCompile>
    <ClCompile Include="..\..\..\Source\Game\Network\NetworkHelper.cpp">
      <Filter>Network</Filter>
    </ClCompile>
    <ClCompile Include="..\..\..\Source\Game\LuaBridge\ECSL\LuaEntityTemplate.cpp">
      <Filter>Lua Bridge\ECSL</Filter>
    </ClCompile>
    <ClCompile Include="..\..\..\Source\Game\LuaBridge\ECSL\LuaEntityTemplateManager.cpp">
      <Filter>Lua Bridge\ECSL</Filter>
    </ClCompile>
    <ClCompile Include="..\..\..\Source\Game\LuaBridge\Console\LuaConsole.cpp">
      <Filter>Lua Bridge\Console</Filter>
    </ClCompile>
    <ClCompile Include="..\..\..\Source\Game\Systems\RenderRemoveSystem.cpp">
      <Filter>Game\Systems</Filter>
    </ClCompile>
    <ClCompile Include="..\..\..\Source\Game\Systems\SyncEntitiesSystem.cpp">
      <Filter>Game\Systems</Filter>
    </ClCompile>
    <ClCompile Include="..\..\..\Source\Game\NetworkInstance.cpp">
      <Filter>Network</Filter>
    </ClCompile>
  </ItemGroup>
  <ItemGroup>
    <ClInclude Include="..\..\..\Source\Game\Timer.h">
      <Filter>Resource Files</Filter>
    </ClInclude>
    <ClInclude Include="..\..\..\Source\Game\LuaBridge\LuaBridge.h">
      <Filter>Lua Bridge</Filter>
    </ClInclude>
    <ClInclude Include="..\..\..\Source\Game\LuaBridge\ECSL\LuaWorldCreator.h">
      <Filter>Lua Bridge\ECSL</Filter>
    </ClInclude>
    <ClInclude Include="..\..\..\Source\Game\LuaBridge\Input\LuaInput.h">
      <Filter>Lua Bridge\Input</Filter>
    </ClInclude>
    <ClInclude Include="..\..\..\Source\Game\LuaBridge\ECSL\LuaSystem.h">
      <Filter>Lua Bridge\ECSL</Filter>
    </ClInclude>
    <ClInclude Include="..\..\..\Source\Game\LuaBridge\ECSL\LuaWorld.h">
      <Filter>Lua Bridge\ECSL</Filter>
    </ClInclude>
    <ClInclude Include="..\..\..\Source\Game\LuaBridge\ECSL\LuaComponentType.h">
      <Filter>Lua Bridge\ECSL</Filter>
    </ClInclude>
    <ClInclude Include="..\..\..\Source\Game\GameCreator.h">
      <Filter>Game</Filter>
    </ClInclude>
    <ClInclude Include="..\..\..\Source\Game\Systems\RenderSystem.h">
      <Filter>Game\Systems</Filter>
    </ClInclude>
    <ClInclude Include="..\..\..\Source\Game\Systems\MovementSystem.h">
      <Filter>Game\Systems</Filter>
    </ClInclude>
    <ClInclude Include="..\..\..\Source\Game\Systems\CameraSystem.h">
      <Filter>Game\Systems</Filter>
    </ClInclude>
    <ClInclude Include="..\..\..\Source\Game\LuaBridge\ECSL\LuaComponent.h">
      <Filter>Lua Bridge\ECSL</Filter>
    </ClInclude>
    <ClInclude Include="..\..\..\Source\Game\LuaBridge\Math\LuaMatrix.h">
      <Filter>Lua Bridge\Math</Filter>
    </ClInclude>
    <ClInclude Include="..\..\..\Source\Game\LuaBridge\Renderer\LuaCamera.h">
      <Filter>Lua Bridge\Renderer</Filter>
    </ClInclude>
    <ClInclude Include="..\..\..\Source\Game\LuaBridge\Renderer\LuaGraphicDevice.h">
      <Filter>Lua Bridge\Renderer</Filter>
    </ClInclude>
    <ClInclude Include="..\..\..\Source\Game\Systems\RotationSystem.h">
      <Filter>Game\Systems</Filter>
    </ClInclude>
    <ClInclude Include="..\..\..\Source\Game\TextInput.h">
      <Filter>Game</Filter>
    </ClInclude>
    <ClInclude Include="..\..\..\Source\Game\GameConsole.h">
      <Filter>Game</Filter>
    </ClInclude>
    <ClInclude Include="..\..\..\Source\Game\LuaBridge\FileLoader\LuaFileLoader.h">
      <Filter>Lua Bridge\FileLoader</Filter>
    </ClInclude>
    <ClInclude Include="..\..\..\Source\Game\Systems\ModelSystem.h">
      <Filter>Game\Systems</Filter>
    </ClInclude>
    <ClInclude Include="..\..\..\Source\Game\RemoteConsole.h">
      <Filter>Game</Filter>
    </ClInclude>
    <ClInclude Include="..\..\..\Source\Game\Systems\ReceivePacketSystem.h">
      <Filter>Game\Systems</Filter>
    </ClInclude>
    <ClInclude Include="..\..\..\Source\Game\Network\NetworkHelper.h">
      <Filter>Network</Filter>
    </ClInclude>
    <ClInclude Include="..\..\..\Source\Game\LuaBridge\ECSL\LuaEntityTemplate.h">
      <Filter>Lua Bridge\ECSL</Filter>
    </ClInclude>
    <ClInclude Include="..\..\..\Source\Game\LuaBridge\ECSL\LuaEntityTemplateManager.h">
      <Filter>Lua Bridge\ECSL</Filter>
    </ClInclude>
    <ClInclude Include="..\..\..\Source\Game\LuaBridge\Console\LuaConsole.h">
      <Filter>Lua Bridge\Console</Filter>
    </ClInclude>
    <ClInclude Include="..\..\..\Source\Game\Systems\RenderRemoveSystem.h">
      <Filter>Game\Systems</Filter>
    </ClInclude>
    <ClInclude Include="..\..\..\Source\Game\Systems\SyncEntitiesSystem.h">
      <Filter>Game\Systems</Filter>
    </ClInclude>
    <ClInclude Include="..\..\..\Source\Game\NetworkInstance.h">
      <Filter>Network</Filter>
    </ClInclude>
  </ItemGroup>
  <ItemGroup>
    <None Include="..\..\..\Externals\content\scripting\storaspel\init.lua">
      <Filter>Scripting</Filter>
    </None>
    <None Include="..\..\..\Externals\content\scripting\storaspel\components\components.lua">
      <Filter>Scripting\Components</Filter>
    </None>
    <None Include="..\..\..\Externals\content\scripting\storaspel\systems\movementsystem.lua">
      <Filter>Scripting\Systems</Filter>
    </None>
    <None Include="..\..\..\Externals\content\scripting\storaspel\systems\mapcreationsystem.lua">
      <Filter>Scripting\Systems</Filter>
    </None>
    <None Include="..\..\..\Externals\content\scripting\storaspel\systems\TestSystems.lua">
      <Filter>Scripting\Systems</Filter>
    </None>
    <None Include="..\..\..\Externals\content\scripting\storaspel\templates\box.lua">
      <Filter>Scripting\Templates</Filter>
    </None>
    <None Include="..\..\..\Externals\content\scripting\storaspel\templates\tile.lua">
      <Filter>Scripting\Templates</Filter>
    </None>
    <None Include="..\..\..\Externals\content\scripting\storaspel\components\tilecomponents.lua">
      <Filter>Scripting\Components</Filter>
    </None>
    <None Include="..\..\..\Externals\content\scripting\storaspel\systems\tilemovementsystem.lua">
      <Filter>Scripting\Systems</Filter>
    </None>
  </ItemGroup>
</Project>