
Microsoft Visual Studio Solution File, Format Version 12.00
# Visual Studio 2013
VisualStudioVersion = 12.0.21005.1
MinimumVisualStudioVersion = 10.0.40219.1
Project("{8BC9CEB8-8B4A-11D0-8D11-00A0C91BC942}") = "Game", "Game\Game.vcxproj", "{B8EFCC27-B82E-4F58-A794-F312D54BDBDD}"
	ProjectSection(ProjectDependencies) = postProject
		{9CBEB33A-B752-47FA-8995-C717E1BC509D} = {9CBEB33A-B752-47FA-8995-C717E1BC509D}
		{76B48B4A-FB1E-417A-87E6-70CB865CCC09} = {76B48B4A-FB1E-417A-87E6-70CB865CCC09}
		{2E9DCA51-2BDC-4EC9-B23C-00BB73948D21} = {2E9DCA51-2BDC-4EC9-B23C-00BB73948D21}
		{83599D6A-4684-4D29-AC7E-388A26E7AFED} = {83599D6A-4684-4D29-AC7E-388A26E7AFED}
		{C497EBB7-2E55-4F88-AEBD-D2529AC9B8C0} = {C497EBB7-2E55-4F88-AEBD-D2529AC9B8C0}
		{A71BE4D1-612E-49FE-9B2D-EA067C024F0A} = {A71BE4D1-612E-49FE-9B2D-EA067C024F0A}
		{E15310EA-512E-4A1E-BC27-6915FDC3B665} = {E15310EA-512E-4A1E-BC27-6915FDC3B665}
		{FB02CDEA-3EEC-4BB3-BBD5-43E0F1F9D73B} = {FB02CDEA-3EEC-4BB3-BBD5-43E0F1F9D73B}
	EndProjectSection
EndProject
Project("{8BC9CEB8-8B4A-11D0-8D11-00A0C91BC942}") = "Input", "Input\Input.vcxproj", "{9CBEB33A-B752-47FA-8995-C717E1BC509D}"
EndProject
Project("{8BC9CEB8-8B4A-11D0-8D11-00A0C91BC942}") = "Network", "Network\Network.vcxproj", "{76B48B4A-FB1E-417A-87E6-70CB865CCC09}"
EndProject
Project("{8BC9CEB8-8B4A-11D0-8D11-00A0C91BC942}") = "Renderer", "Renderer\Renderer.vcxproj", "{A71BE4D1-612E-49FE-9B2D-EA067C024F0A}"
EndProject
Project("{8BC9CEB8-8B4A-11D0-8D11-00A0C91BC942}") = "ECSL", "ECSL\ECSL.vcxproj", "{C497EBB7-2E55-4F88-AEBD-D2529AC9B8C0}"
	ProjectSection(ProjectDependencies) = postProject
		{E15310EA-512E-4A1E-BC27-6915FDC3B665} = {E15310EA-512E-4A1E-BC27-6915FDC3B665}
		{FB02CDEA-3EEC-4BB3-BBD5-43E0F1F9D73B} = {FB02CDEA-3EEC-4BB3-BBD5-43E0F1F9D73B}
	EndProjectSection
EndProject
Project("{8BC9CEB8-8B4A-11D0-8D11-00A0C91BC942}") = "MPL", "MPL\MPL.vcxproj", "{FB02CDEA-3EEC-4BB3-BBD5-43E0F1F9D73B}"
EndProject
Project("{8BC9CEB8-8B4A-11D0-8D11-00A0C91BC942}") = "Console", "Console\Console.vcxproj", "{83599D6A-4684-4D29-AC7E-388A26E7AFED}"
EndProject
Project("{8BC9CEB8-8B4A-11D0-8D11-00A0C91BC942}") = "LuaEmbedder", "LuaEmbedder\LuaEmbedder.vcxproj", "{2E9DCA51-2BDC-4EC9-B23C-00BB73948D21}"
EndProject
Project("{8BC9CEB8-8B4A-11D0-8D11-00A0C91BC942}") = "AndroidRenderer", "AndroidRenderer\AndroidRenderer.vcxproj", "{FB35D84C-BAE5-47E2-8A37-C81AE2184C76}"
EndProject
Project("{8BC9CEB8-8B4A-11D0-8D11-00A0C91BC942}") = "Logger", "Logger\Logger.vcxproj", "{E15310EA-512E-4A1E-BC27-6915FDC3B665}"
EndProject
Global
	GlobalSection(SolutionConfigurationPlatforms) = preSolution
		Debug|x64 = Debug|x64
		Debug|x86 = Debug|x86
		Release|x64 = Release|x64
		Release|x86 = Release|x86
	EndGlobalSection
	GlobalSection(ProjectConfigurationPlatforms) = postSolution
		{B8EFCC27-B82E-4F58-A794-F312D54BDBDD}.Debug|x64.ActiveCfg = Debug|x64
		{B8EFCC27-B82E-4F58-A794-F312D54BDBDD}.Debug|x64.Build.0 = Debug|x64
		{B8EFCC27-B82E-4F58-A794-F312D54BDBDD}.Debug|x86.ActiveCfg = Debug|Win32
		{B8EFCC27-B82E-4F58-A794-F312D54BDBDD}.Debug|x86.Build.0 = Debug|Win32
		{B8EFCC27-B82E-4F58-A794-F312D54BDBDD}.Release|x64.ActiveCfg = Release|x64
		{B8EFCC27-B82E-4F58-A794-F312D54BDBDD}.Release|x64.Build.0 = Release|x64
		{B8EFCC27-B82E-4F58-A794-F312D54BDBDD}.Release|x86.ActiveCfg = Release|Win32
		{B8EFCC27-B82E-4F58-A794-F312D54BDBDD}.Release|x86.Build.0 = Release|Win32
		{9CBEB33A-B752-47FA-8995-C717E1BC509D}.Debug|x64.ActiveCfg = Debug|x64
		{9CBEB33A-B752-47FA-8995-C717E1BC509D}.Debug|x64.Build.0 = Debug|x64
		{9CBEB33A-B752-47FA-8995-C717E1BC509D}.Debug|x86.ActiveCfg = Debug|Win32
		{9CBEB33A-B752-47FA-8995-C717E1BC509D}.Debug|x86.Build.0 = Debug|Win32
		{9CBEB33A-B752-47FA-8995-C717E1BC509D}.Release|x64.ActiveCfg = Release|x64
		{9CBEB33A-B752-47FA-8995-C717E1BC509D}.Release|x64.Build.0 = Release|x64
		{9CBEB33A-B752-47FA-8995-C717E1BC509D}.Release|x86.ActiveCfg = Release|Win32
		{9CBEB33A-B752-47FA-8995-C717E1BC509D}.Release|x86.Build.0 = Release|Win32
		{76B48B4A-FB1E-417A-87E6-70CB865CCC09}.Debug|x64.ActiveCfg = Debug|x64
		{76B48B4A-FB1E-417A-87E6-70CB865CCC09}.Debug|x64.Build.0 = Debug|x64
		{76B48B4A-FB1E-417A-87E6-70CB865CCC09}.Debug|x86.ActiveCfg = Debug|Win32
		{76B48B4A-FB1E-417A-87E6-70CB865CCC09}.Debug|x86.Build.0 = Debug|Win32
		{76B48B4A-FB1E-417A-87E6-70CB865CCC09}.Release|x64.ActiveCfg = Release|x64
		{76B48B4A-FB1E-417A-87E6-70CB865CCC09}.Release|x64.Build.0 = Release|x64
		{76B48B4A-FB1E-417A-87E6-70CB865CCC09}.Release|x86.ActiveCfg = Release|Win32
		{76B48B4A-FB1E-417A-87E6-70CB865CCC09}.Release|x86.Build.0 = Release|Win32
		{A71BE4D1-612E-49FE-9B2D-EA067C024F0A}.Debug|x64.ActiveCfg = Debug|x64
		{A71BE4D1-612E-49FE-9B2D-EA067C024F0A}.Debug|x64.Build.0 = Debug|x64
		{A71BE4D1-612E-49FE-9B2D-EA067C024F0A}.Debug|x86.ActiveCfg = Debug|Win32
		{A71BE4D1-612E-49FE-9B2D-EA067C024F0A}.Debug|x86.Build.0 = Debug|Win32
		{A71BE4D1-612E-49FE-9B2D-EA067C024F0A}.Release|x64.ActiveCfg = Release|x64
		{A71BE4D1-612E-49FE-9B2D-EA067C024F0A}.Release|x64.Build.0 = Release|x64
		{A71BE4D1-612E-49FE-9B2D-EA067C024F0A}.Release|x86.ActiveCfg = Release|Win32
		{A71BE4D1-612E-49FE-9B2D-EA067C024F0A}.Release|x86.Build.0 = Release|Win32
		{C497EBB7-2E55-4F88-AEBD-D2529AC9B8C0}.Debug|x64.ActiveCfg = Debug|x64
		{C497EBB7-2E55-4F88-AEBD-D2529AC9B8C0}.Debug|x64.Build.0 = Debug|x64
		{C497EBB7-2E55-4F88-AEBD-D2529AC9B8C0}.Debug|x86.ActiveCfg = Debug|Win32
		{C497EBB7-2E55-4F88-AEBD-D2529AC9B8C0}.Debug|x86.Build.0 = Debug|Win32
		{C497EBB7-2E55-4F88-AEBD-D2529AC9B8C0}.Release|x64.ActiveCfg = Release|x64
		{C497EBB7-2E55-4F88-AEBD-D2529AC9B8C0}.Release|x64.Build.0 = Release|x64
		{C497EBB7-2E55-4F88-AEBD-D2529AC9B8C0}.Release|x86.ActiveCfg = Release|Win32
		{C497EBB7-2E55-4F88-AEBD-D2529AC9B8C0}.Release|x86.Build.0 = Release|Win32
		{FB02CDEA-3EEC-4BB3-BBD5-43E0F1F9D73B}.Debug|x64.ActiveCfg = Debug|x64
		{FB02CDEA-3EEC-4BB3-BBD5-43E0F1F9D73B}.Debug|x64.Build.0 = Debug|x64
		{FB02CDEA-3EEC-4BB3-BBD5-43E0F1F9D73B}.Debug|x86.ActiveCfg = Debug|Win32
		{FB02CDEA-3EEC-4BB3-BBD5-43E0F1F9D73B}.Debug|x86.Build.0 = Debug|Win32
		{FB02CDEA-3EEC-4BB3-BBD5-43E0F1F9D73B}.Release|x64.ActiveCfg = Release|x64
		{FB02CDEA-3EEC-4BB3-BBD5-43E0F1F9D73B}.Release|x64.Build.0 = Release|x64
		{FB02CDEA-3EEC-4BB3-BBD5-43E0F1F9D73B}.Release|x86.ActiveCfg = Release|Win32
		{FB02CDEA-3EEC-4BB3-BBD5-43E0F1F9D73B}.Release|x86.Build.0 = Release|Win32
		{83599D6A-4684-4D29-AC7E-388A26E7AFED}.Debug|x64.ActiveCfg = Debug|x64
		{83599D6A-4684-4D29-AC7E-388A26E7AFED}.Debug|x64.Build.0 = Debug|x64
		{83599D6A-4684-4D29-AC7E-388A26E7AFED}.Debug|x86.ActiveCfg = Debug|Win32
		{83599D6A-4684-4D29-AC7E-388A26E7AFED}.Debug|x86.Build.0 = Debug|Win32
		{83599D6A-4684-4D29-AC7E-388A26E7AFED}.Release|x64.ActiveCfg = Release|x64
		{83599D6A-4684-4D29-AC7E-388A26E7AFED}.Release|x64.Build.0 = Release|x64
		{83599D6A-4684-4D29-AC7E-388A26E7AFED}.Release|x86.ActiveCfg = Release|Win32
		{83599D6A-4684-4D29-AC7E-388A26E7AFED}.Release|x86.Build.0 = Release|Win32
		{2E9DCA51-2BDC-4EC9-B23C-00BB73948D21}.Debug|x64.ActiveCfg = Debug|x64
		{2E9DCA51-2BDC-4EC9-B23C-00BB73948D21}.Debug|x64.Build.0 = Debug|x64
		{2E9DCA51-2BDC-4EC9-B23C-00BB73948D21}.Debug|x86.ActiveCfg = Debug|Win32
		{2E9DCA51-2BDC-4EC9-B23C-00BB73948D21}.Debug|x86.Build.0 = Debug|Win32
		{2E9DCA51-2BDC-4EC9-B23C-00BB73948D21}.Release|x64.ActiveCfg = Release|x64
		{2E9DCA51-2BDC-4EC9-B23C-00BB73948D21}.Release|x64.Build.0 = Release|x64
		{2E9DCA51-2BDC-4EC9-B23C-00BB73948D21}.Release|x86.ActiveCfg = Release|Win32
		{2E9DCA51-2BDC-4EC9-B23C-00BB73948D21}.Release|x86.Build.0 = Release|Win32
		{FB35D84C-BAE5-47E2-8A37-C81AE2184C76}.Debug|x64.ActiveCfg = Debug|x64
		{FB35D84C-BAE5-47E2-8A37-C81AE2184C76}.Debug|x86.ActiveCfg = Debug|Win32
		{FB35D84C-BAE5-47E2-8A37-C81AE2184C76}.Release|x64.ActiveCfg = Release|x64
		{FB35D84C-BAE5-47E2-8A37-C81AE2184C76}.Release|x86.ActiveCfg = Release|Win32
		{E15310EA-512E-4A1E-BC27-6915FDC3B665}.Debug|x64.ActiveCfg = Debug|x64
		{E15310EA-512E-4A1E-BC27-6915FDC3B665}.Debug|x64.Build.0 = Debug|x64
		{E15310EA-512E-4A1E-BC27-6915FDC3B665}.Debug|x86.ActiveCfg = Debug|Win32
		{E15310EA-512E-4A1E-BC27-6915FDC3B665}.Debug|x86.Build.0 = Debug|Win32
		{E15310EA-512E-4A1E-BC27-6915FDC3B665}.Release|x64.ActiveCfg = Release|x64
		{E15310EA-512E-4A1E-BC27-6915FDC3B665}.Release|x64.Build.0 = Release|x64
		{E15310EA-512E-4A1E-BC27-6915FDC3B665}.Release|x86.ActiveCfg = Release|Win32
		{E15310EA-512E-4A1E-BC27-6915FDC3B665}.Release|x86.Build.0 = Release|Win32
	EndGlobalSection
	GlobalSection(SolutionProperties) = preSolution
		HideSolutionNode = FALSE
	EndGlobalSection
EndGlobal
